// !$*UTF8*$!
{
	archiveVersion = 1;
	classes = {
	};
	objectVersion = 46;
	objects = {

/* Begin PBXBuildFile section */
		A119496019F852D6006F7EF1 /* main.m in Sources */ = {isa = PBXBuildFile; fileRef = A119495F19F852D6006F7EF1 /* main.m */; };
		A119496319F852D6006F7EF1 /* AppDelegate.m in Sources */ = {isa = PBXBuildFile; fileRef = A119496219F852D6006F7EF1 /* AppDelegate.m */; };
		A119496B19F852D6006F7EF1 /* Images.xcassets in Resources */ = {isa = PBXBuildFile; fileRef = A119496A19F852D6006F7EF1 /* Images.xcassets */; };
		A119496E19F852D6006F7EF1 /* LaunchScreen.xib in Resources */ = {isa = PBXBuildFile; fileRef = A119496C19F852D6006F7EF1 /* LaunchScreen.xib */; };
		A119497A19F852D6006F7EF1 /* CNASuppresionTests.m in Sources */ = {isa = PBXBuildFile; fileRef = A119497919F852D6006F7EF1 /* CNASuppresionTests.m */; };
		A119498619F854A5006F7EF1 /* Main.storyboard in Resources */ = {isa = PBXBuildFile; fileRef = A119498319F854A5006F7EF1 /* Main.storyboard */; };
		A119498719F854A5006F7EF1 /* ViewController.m in Sources */ = {isa = PBXBuildFile; fileRef = A119498519F854A5006F7EF1 /* ViewController.m */; };
/* End PBXBuildFile section */

/* Begin PBXContainerItemProxy section */
		A119497419F852D6006F7EF1 /* PBXContainerItemProxy */ = {
			isa = PBXContainerItemProxy;
			containerPortal = A119495219F852D6006F7EF1 /* Project object */;
			proxyType = 1;
			remoteGlobalIDString = A119495919F852D6006F7EF1;
			remoteInfo = CNASuppresion;
		};
/* End PBXContainerItemProxy section */

/* Begin PBXFileReference section */
		A119495A19F852D6006F7EF1 /* CNASuppresion.app */ = {isa = PBXFileReference; explicitFileType = wrapper.application; includeInIndex = 0; path = CNASuppresion.app; sourceTree = BUILT_PRODUCTS_DIR; };
		A119495E19F852D6006F7EF1 /* Info.plist */ = {isa = PBXFileReference; lastKnownFileType = text.plist.xml; path = Info.plist; sourceTree = "<group>"; };
		A119495F19F852D6006F7EF1 /* main.m */ = {isa = PBXFileReference; lastKnownFileType = sourcecode.c.objc; path = main.m; sourceTree = "<group>"; };
		A119496119F852D6006F7EF1 /* AppDelegate.h */ = {isa = PBXFileReference; lastKnownFileType = sourcecode.c.h; path = AppDelegate.h; sourceTree = "<group>"; };
		A119496219F852D6006F7EF1 /* AppDelegate.m */ = {isa = PBXFileReference; lastKnownFileType = sourcecode.c.objc; path = AppDelegate.m; sourceTree = "<group>"; };
		A119496A19F852D6006F7EF1 /* Images.xcassets */ = {isa = PBXFileReference; lastKnownFileType = folder.assetcatalog; path = Images.xcassets; sourceTree = "<group>"; };
		A119496D19F852D6006F7EF1 /* Base */ = {isa = PBXFileReference; lastKnownFileType = file.xib; name = Base; path = Base.lproj/LaunchScreen.xib; sourceTree = "<group>"; };
		A119497319F852D6006F7EF1 /* CNASuppresionTests.xctest */ = {isa = PBXFileReference; explicitFileType = wrapper.cfbundle; includeInIndex = 0; path = CNASuppresionTests.xctest; sourceTree = BUILT_PRODUCTS_DIR; };
		A119497819F852D6006F7EF1 /* Info.plist */ = {isa = PBXFileReference; lastKnownFileType = text.plist.xml; path = Info.plist; sourceTree = "<group>"; };
		A119497919F852D6006F7EF1 /* CNASuppresionTests.m */ = {isa = PBXFileReference; lastKnownFileType = sourcecode.c.objc; path = CNASuppresionTests.m; sourceTree = "<group>"; };
		A119498319F854A5006F7EF1 /* Main.storyboard */ = {isa = PBXFileReference; fileEncoding = 4; lastKnownFileType = file.storyboard; path = Main.storyboard; sourceTree = "<group>"; };
		A119498419F854A5006F7EF1 /* ViewController.h */ = {isa = PBXFileReference; fileEncoding = 4; lastKnownFileType = sourcecode.c.h; path = ViewController.h; sourceTree = "<group>"; };
		A119498519F854A5006F7EF1 /* ViewController.m */ = {isa = PBXFileReference; fileEncoding = 4; lastKnownFileType = sourcecode.c.objc; path = ViewController.m; sourceTree = "<group>"; };
/* End PBXFileReference section */

/* Begin PBXFrameworksBuildPhase section */
		A119495719F852D6006F7EF1 /* Frameworks */ = {
			isa = PBXFrameworksBuildPhase;
			buildActionMask = 2147483647;
			files = (
			);
			runOnlyForDeploymentPostprocessing = 0;
		};
		A119497019F852D6006F7EF1 /* Frameworks */ = {
			isa = PBXFrameworksBuildPhase;
			buildActionMask = 2147483647;
			files = (
			);
			runOnlyForDeploymentPostprocessing = 0;
		};
/* End PBXFrameworksBuildPhase section */

/* Begin PBXGroup section */
		A119495119F852D6006F7EF1 = {
			isa = PBXGroup;
			children = (
				A119495C19F852D6006F7EF1 /* CNASuppresion */,
				A119497619F852D6006F7EF1 /* CNASuppresionTests */,
				A119495B19F852D6006F7EF1 /* Products */,
			);
			sourceTree = "<group>";
		};
		A119495B19F852D6006F7EF1 /* Products */ = {
			isa = PBXGroup;
			children = (
				A119495A19F852D6006F7EF1 /* CNASuppresion.app */,
				A119497319F852D6006F7EF1 /* CNASuppresionTests.xctest */,
			);
			name = Products;
			sourceTree = "<group>";
		};
		A119495C19F852D6006F7EF1 /* CNASuppresion */ = {
			isa = PBXGroup;
			children = (
				A119496119F852D6006F7EF1 /* AppDelegate.h */,
				A119496219F852D6006F7EF1 /* AppDelegate.m */,
				A119498319F854A5006F7EF1 /* Main.storyboard */,
				A119498419F854A5006F7EF1 /* ViewController.h */,
				A119498519F854A5006F7EF1 /* ViewController.m */,
				A119496A19F852D6006F7EF1 /* Images.xcassets */,
				A119496C19F852D6006F7EF1 /* LaunchScreen.xib */,
				A119495D19F852D6006F7EF1 /* Supporting Files */,
			);
			path = CNASuppresion;
			sourceTree = "<group>";
		};
		A119495D19F852D6006F7EF1 /* Supporting Files */ = {
			isa = PBXGroup;
			children = (
				A119495E19F852D6006F7EF1 /* Info.plist */,
				A119495F19F852D6006F7EF1 /* main.m */,
			);
			name = "Supporting Files";
			sourceTree = "<group>";
		};
		A119497619F852D6006F7EF1 /* CNASuppresionTests */ = {
			isa = PBXGroup;
			children = (
				A119497919F852D6006F7EF1 /* CNASuppresionTests.m */,
				A119497719F852D6006F7EF1 /* Supporting Files */,
			);
			path = CNASuppresionTests;
			sourceTree = "<group>";
		};
		A119497719F852D6006F7EF1 /* Supporting Files */ = {
			isa = PBXGroup;
			children = (
				A119497819F852D6006F7EF1 /* Info.plist */,
			);
			name = "Supporting Files";
			sourceTree = "<group>";
		};
/* End PBXGroup section */

/* Begin PBXNativeTarget section */
		A119495919F852D6006F7EF1 /* CNASuppresion */ = {
			isa = PBXNativeTarget;
			buildConfigurationList = A119497D19F852D6006F7EF1 /* Build configuration list for PBXNativeTarget "CNASuppresion" */;
			buildPhases = (
				A119495619F852D6006F7EF1 /* Sources */,
				A119495719F852D6006F7EF1 /* Frameworks */,
				A119495819F852D6006F7EF1 /* Resources */,
			);
			buildRules = (
			);
			dependencies = (
			);
			name = CNASuppresion;
			productName = CNASuppresion;
			productReference = A119495A19F852D6006F7EF1 /* CNASuppresion.app */;
			productType = "com.apple.product-type.application";
		};
		A119497219F852D6006F7EF1 /* CNASuppresionTests */ = {
			isa = PBXNativeTarget;
			buildConfigurationList = A119498019F852D6006F7EF1 /* Build configuration list for PBXNativeTarget "CNASuppresionTests" */;
			buildPhases = (
				A119496F19F852D6006F7EF1 /* Sources */,
				A119497019F852D6006F7EF1 /* Frameworks */,
				A119497119F852D6006F7EF1 /* Resources */,
			);
			buildRules = (
			);
			dependencies = (
				A119497519F852D6006F7EF1 /* PBXTargetDependency */,
			);
			name = CNASuppresionTests;
			productName = CNASuppresionTests;
			productReference = A119497319F852D6006F7EF1 /* CNASuppresionTests.xctest */;
			productType = "com.apple.product-type.bundle.unit-test";
		};
/* End PBXNativeTarget section */

/* Begin PBXProject section */
		A119495219F852D6006F7EF1 /* Project object */ = {
			isa = PBXProject;
			attributes = {
				LastUpgradeCheck = 0610;
				ORGANIZATIONNAME = "Klaas Pieter Annema";
				TargetAttributes = {
					A119495919F852D6006F7EF1 = {
						CreatedOnToolsVersion = 6.1;
					};
					A119497219F852D6006F7EF1 = {
						CreatedOnToolsVersion = 6.1;
						TestTargetID = A119495919F852D6006F7EF1;
					};
				};
			};
			buildConfigurationList = A119495519F852D6006F7EF1 /* Build configuration list for PBXProject "CNASuppresion" */;
			compatibilityVersion = "Xcode 3.2";
			developmentRegion = English;
			hasScannedForEncodings = 0;
			knownRegions = (
				en,
				Base,
			);
			mainGroup = A119495119F852D6006F7EF1;
			productRefGroup = A119495B19F852D6006F7EF1 /* Products */;
			projectDirPath = "";
			projectRoot = "";
			targets = (
				A119495919F852D6006F7EF1 /* CNASuppresion */,
				A119497219F852D6006F7EF1 /* CNASuppresionTests */,
			);
		};
/* End PBXProject section */

/* Begin PBXResourcesBuildPhase section */
		A119495819F852D6006F7EF1 /* Resources */ = {
			isa = PBXResourcesBuildPhase;
			buildActionMask = 2147483647;
			files = (
				A119498619F854A5006F7EF1 /* Main.storyboard in Resources */,
				A119496E19F852D6006F7EF1 /* LaunchScreen.xib in Resources */,
				A119496B19F852D6006F7EF1 /* Images.xcassets in Resources */,
			);
			runOnlyForDeploymentPostprocessing = 0;
		};
		A119497119F852D6006F7EF1 /* Resources */ = {
			isa = PBXResourcesBuildPhase;
			buildActionMask = 2147483647;
			files = (
			);
			runOnlyForDeploymentPostprocessing = 0;
		};
/* End PBXResourcesBuildPhase section */

/* Begin PBXSourcesBuildPhase section */
		A119495619F852D6006F7EF1 /* Sources */ = {
			isa = PBXSourcesBuildPhase;
			buildActionMask = 2147483647;
			files = (
				A119498719F854A5006F7EF1 /* ViewController.m in Sources */,
				A119496319F852D6006F7EF1 /* AppDelegate.m in Sources */,
				A119496019F852D6006F7EF1 /* main.m in Sources */,
			);
			runOnlyForDeploymentPostprocessing = 0;
		};
		A119496F19F852D6006F7EF1 /* Sources */ = {
			isa = PBXSourcesBuildPhase;
			buildActionMask = 2147483647;
			files = (
				A119497A19F852D6006F7EF1 /* CNASuppresionTests.m in Sources */,
			);
			runOnlyForDeploymentPostprocessing = 0;
		};
/* End PBXSourcesBuildPhase section */

/* Begin PBXTargetDependency section */
		A119497519F852D6006F7EF1 /* PBXTargetDependency */ = {
			isa = PBXTargetDependency;
			target = A119495919F852D6006F7EF1 /* CNASuppresion */;
			targetProxy = A119497419F852D6006F7EF1 /* PBXContainerItemProxy */;
		};
/* End PBXTargetDependency section */

/* Begin PBXVariantGroup section */
		A119496C19F852D6006F7EF1 /* LaunchScreen.xib */ = {
			isa = PBXVariantGroup;
			children = (
				A119496D19F852D6006F7EF1 /* Base */,
			);
			name = LaunchScreen.xib;
			sourceTree = "<group>";
		};
/* End PBXVariantGroup section */

/* Begin XCBuildConfiguration section */
		A119497B19F852D6006F7EF1 /* Debug */ = {
			isa = XCBuildConfiguration;
			buildSettings = {
				ALWAYS_SEARCH_USER_PATHS = NO;
				CLANG_CXX_LANGUAGE_STANDARD = "gnu++0x";
				CLANG_CXX_LIBRARY = "libc++";
				CLANG_ENABLE_MODULES = YES;
				CLANG_ENABLE_OBJC_ARC = YES;
				CLANG_WARN_BOOL_CONVERSION = YES;
				CLANG_WARN_CONSTANT_CONVERSION = YES;
				CLANG_WARN_DIRECT_OBJC_ISA_USAGE = YES_ERROR;
				CLANG_WARN_EMPTY_BODY = YES;
				CLANG_WARN_ENUM_CONVERSION = YES;
				CLANG_WARN_INT_CONVERSION = YES;
				CLANG_WARN_OBJC_ROOT_CLASS = YES_ERROR;
				CLANG_WARN_UNREACHABLE_CODE = YES;
				CLANG_WARN__DUPLICATE_METHOD_MATCH = YES;
				"CODE_SIGN_IDENTITY[sdk=iphoneos*]" = "iPhone Developer";
				COPY_PHASE_STRIP = NO;
				ENABLE_STRICT_OBJC_MSGSEND = YES;
				GCC_C_LANGUAGE_STANDARD = gnu99;
				GCC_DYNAMIC_NO_PIC = NO;
				GCC_OPTIMIZATION_LEVEL = 0;
				GCC_PREPROCESSOR_DEFINITIONS = (
					"DEBUG=1",
					"$(inherited)",
				);
				GCC_SYMBOLS_PRIVATE_EXTERN = NO;
				GCC_WARN_64_TO_32_BIT_CONVERSION = YES;
				GCC_WARN_ABOUT_RETURN_TYPE = YES_ERROR;
				GCC_WARN_UNDECLARED_SELECTOR = YES;
				GCC_WARN_UNINITIALIZED_AUTOS = YES_AGGRESSIVE;
				GCC_WARN_UNUSED_FUNCTION = YES;
				GCC_WARN_UNUSED_VARIABLE = YES;
				IPHONEOS_DEPLOYMENT_TARGET = 8.1;
				MTL_ENABLE_DEBUG_INFO = YES;
				ONLY_ACTIVE_ARCH = YES;
				SDKROOT = iphoneos;
			};
			name = Debug;
		};
		A119497C19F852D6006F7EF1 /* Release */ = {
			isa = XCBuildConfiguration;
			buildSettings = {
				ALWAYS_SEARCH_USER_PATHS = NO;
				CLANG_CXX_LANGUAGE_STANDARD = "gnu++0x";
				CLANG_CXX_LIBRARY = "libc++";
				CLANG_ENABLE_MODULES = YES;
				CLANG_ENABLE_OBJC_ARC = YES;
				CLANG_WARN_BOOL_CONVERSION = YES;
				CLANG_WARN_CONSTANT_CONVERSION = YES;
				CLANG_WARN_DIRECT_OBJC_ISA_USAGE = YES_ERROR;
				CLANG_WARN_EMPTY_BODY = YES;
				CLANG_WARN_ENUM_CONVERSION = YES;
				CLANG_WARN_INT_CONVERSION = YES;
				CLANG_WARN_OBJC_ROOT_CLASS = YES_ERROR;
				CLANG_WARN_UNREACHABLE_CODE = YES;
				CLANG_WARN__DUPLICATE_METHOD_MATCH = YES;
				"CODE_SIGN_IDENTITY[sdk=iphoneos*]" = "iPhone Developer";
				COPY_PHASE_STRIP = YES;
				ENABLE_NS_ASSERTIONS = NO;
				ENABLE_STRICT_OBJC_MSGSEND = YES;
				GCC_C_LANGUAGE_STANDARD = gnu99;
				GCC_WARN_64_TO_32_BIT_CONVERSION = YES;
				GCC_WARN_ABOUT_RETURN_TYPE = YES_ERROR;
				GCC_WARN_UNDECLARED_SELECTOR = YES;
				GCC_WARN_UNINITIALIZED_AUTOS = YES_AGGRESSIVE;
				GCC_WARN_UNUSED_FUNCTION = YES;
				GCC_WARN_UNUSED_VARIABLE = YES;
				IPHONEOS_DEPLOYMENT_TARGET = 8.1;
				MTL_ENABLE_DEBUG_INFO = NO;
				SDKROOT = iphoneos;
				VALIDATE_PRODUCT = YES;
			};
			name = Release;
		};
		A119497E19F852D6006F7EF1 /* Debug */ = {
			isa = XCBuildConfiguration;
			buildSettings = {
				ASSETCATALOG_COMPILER_APPICON_NAME = AppIcon;
				INFOPLIST_FILE = CNASuppresion/Info.plist;
				IPHONEOS_DEPLOYMENT_TARGET = 8.0;
				LD_RUNPATH_SEARCH_PATHS = "$(inherited) @executable_path/Frameworks";
				PRODUCT_NAME = "$(TARGET_NAME)";
				SDKROOT = iphoneos;
			};
			name = Debug;
		};
		A119497F19F852D6006F7EF1 /* Release */ = {
			isa = XCBuildConfiguration;
			buildSettings = {
				ASSETCATALOG_COMPILER_APPICON_NAME = AppIcon;
				INFOPLIST_FILE = CNASuppresion/Info.plist;
				IPHONEOS_DEPLOYMENT_TARGET = 8.0;
				LD_RUNPATH_SEARCH_PATHS = "$(inherited) @executable_path/Frameworks";
				PRODUCT_NAME = "$(TARGET_NAME)";
				SDKROOT = iphoneos;
			};
			name = Release;
		};
		A119498119F852D6006F7EF1 /* Debug */ = {
			isa = XCBuildConfiguration;
			buildSettings = {
				BUNDLE_LOADER = "$(TEST_HOST)";
				FRAMEWORK_SEARCH_PATHS = (
					"$(SDKROOT)/Developer/Library/Frameworks",
					"$(inherited)",
				);
				GCC_PREPROCESSOR_DEFINITIONS = (
					"DEBUG=1",
					"$(inherited)",
				);
				INFOPLIST_FILE = CNASuppresionTests/Info.plist;
				LD_RUNPATH_SEARCH_PATHS = "$(inherited) @executable_path/Frameworks @loader_path/Frameworks";
				PRODUCT_NAME = "$(TARGET_NAME)";
				TEST_HOST = "$(BUILT_PRODUCTS_DIR)/CNASuppresion.app/CNASuppresion";
			};
			name = Debug;
		};
		A119498219F852D6006F7EF1 /* Release */ = {
			isa = XCBuildConfiguration;
			buildSettings = {
				BUNDLE_LOADER = "$(TEST_HOST)";
				FRAMEWORK_SEARCH_PATHS = (
					"$(SDKROOT)/Developer/Library/Frameworks",
					"$(inherited)",
				);
				INFOPLIST_FILE = CNASuppresionTests/Info.plist;
				LD_RUNPATH_SEARCH_PATHS = "$(inherited) @executable_path/Frameworks @loader_path/Frameworks";
				PRODUCT_NAME = "$(TARGET_NAME)";
				TEST_HOST = "$(BUILT_PRODUCTS_DIR)/CNASuppresion.app/CNASuppresion";
			};
			name = Release;
		};
/* End XCBuildConfiguration section */

/* Begin XCConfigurationList section */
		A119495519F852D6006F7EF1 /* Build configuration list for PBXProject "CNASuppresion" */ = {
			isa = XCConfigurationList;
			buildConfigurations = (
				A119497B19F852D6006F7EF1 /* Debug */,
				A119497C19F852D6006F7EF1 /* Release */,
			);
			defaultConfigurationIsVisible = 0;
			defaultConfigurationName = Release;
		};
		A119497D19F852D6006F7EF1 /* Build configuration list for PBXNativeTarget "CNASuppresion" */ = {
			isa = XCConfigurationList;
			buildConfigurations = (
				A119497E19F852D6006F7EF1 /* Debug */,
				A119497F19F852D6006F7EF1 /* Release */,
			);
			defaultConfigurationIsVisible = 0;
		};
		A119498019F852D6006F7EF1 /* Build configuration list for PBXNativeTarget "CNASuppresionTests" */ = {
			isa = XCConfigurationList;
			buildConfigurations = (
				A119498119F852D6006F7EF1 /* Debug */,
				A119498219F852D6006F7EF1 /* Release */,
			);
			defaultConfigurationIsVisible = 0;
		};
/* End XCConfigurationList section */
	};
	rootObject = A119495219F852D6006F7EF1 /* Project object */;
}
